<?xml version="1.0" encoding="utf-8"?>
<Project ToolsVersion="4.0" xmlns="http://schemas.microsoft.com/developer/msbuild/2003">
  <ItemGroup>
    <Filter Include="소스 파일">
      <UniqueIdentifier>{4FC737F1-C7A5-4376-A066-2A32D752A2FF}</UniqueIdentifier>
      <Extensions>cpp;c;cc;cxx;def;odl;idl;hpj;bat;asm;asmx</Extensions>
    </Filter>
    <Filter Include="헤더 파일">
      <UniqueIdentifier>{93995380-89BD-4b04-88EB-625FBE52EBFB}</UniqueIdentifier>
      <Extensions>h;hh;hpp;hxx;hm;inl;inc;ipp;xsd</Extensions>
    </Filter>
    <Filter Include="리소스 파일">
      <UniqueIdentifier>{67DA6AB6-F800-4c08-8B7A-83BB121AAD01}</UniqueIdentifier>
      <Extensions>rc;ico;cur;bmp;dlg;rc2;rct;bin;rgs;gif;jpg;jpeg;jpe;resx;tiff;tif;png;wav;mfcribbon-ms</Extensions>
    </Filter>
    <Filter Include="Buffer">
      <UniqueIdentifier>{51ef8e5d-32b5-4ba5-af70-d47968b88a9f}</UniqueIdentifier>
    </Filter>
    <Filter Include="Export">
      <UniqueIdentifier>{aee3c7e2-e53b-4214-a7e3-0a8953ce685f}</UniqueIdentifier>
    </Filter>
    <Filter Include="Mesh">
      <UniqueIdentifier>{9653edd9-fbd1-4fd6-90a6-131c34ad25f3}</UniqueIdentifier>
    </Filter>
    <Filter Include="Mesh\Static">
      <UniqueIdentifier>{9c8f11db-60cb-4cee-8254-98572bf01462}</UniqueIdentifier>
    </Filter>
    <Filter Include="Model">
      <UniqueIdentifier>{7d4d63a1-2449-4165-a257-f59f0aa33047}</UniqueIdentifier>
    </Filter>
    <Filter Include="Texture">
      <UniqueIdentifier>{b44cf95a-cfc9-42be-b5a5-206a71f5ab7c}</UniqueIdentifier>
    </Filter>
    <Filter Include="Util">
      <UniqueIdentifier>{fd50f865-2913-44db-a653-9154ed1bd76a}</UniqueIdentifier>
    </Filter>
  </ItemGroup>
  <ItemGroup>
    <ClInclude Include="framework.h">
      <Filter>헤더 파일</Filter>
    </ClInclude>
    <ClInclude Include="pch.h">
      <Filter>헤더 파일</Filter>
    </ClInclude>
    <ClInclude Include="Buffer.h">
      <Filter>Buffer</Filter>
    </ClInclude>
    <ClInclude Include="ResourceMacro.h">
      <Filter>헤더 파일</Filter>
    </ClInclude>
    <ClInclude Include="ResourceDef.h">
      <Filter>헤더 파일</Filter>
    </ClInclude>
    <ClInclude Include="ResourceStruct.h">
      <Filter>헤더 파일</Filter>
    </ClInclude>
    <ClInclude Include="ResourceExportFunc.h">
      <Filter>Export</Filter>
    </ClInclude>
    <ClInclude Include="BufferMgr.h">
      <Filter>Buffer</Filter>
    </ClInclude>
    <ClInclude Include="Mesh.h">
      <Filter>Mesh</Filter>
    </ClInclude>
    <ClInclude Include="StaticMesh.h">
      <Filter>Mesh\Static</Filter>
    </ClInclude>
    <ClInclude Include="MeshMgr.h">
      <Filter>헤더 파일</Filter>
    </ClInclude>
    <ClInclude Include="ResourceConst.h">
      <Filter>헤더 파일</Filter>
    </ClInclude>
    <ClInclude Include="TextureUtil.h">
      <Filter>Texture</Filter>
    </ClInclude>
    <ClInclude Include="StringUtil.h">
      <Filter>Util</Filter>
    </ClInclude>
    <ClInclude Include="Model.h">
      <Filter>Model</Filter>
    </ClInclude>
    <ClInclude Include="GridBuffer.h">
      <Filter>헤더 파일</Filter>
    </ClInclude>
    <ClInclude Include="ColorCubeBuffer.h">
      <Filter>Buffer</Filter>
    </ClInclude>
    <ClInclude Include="TextureCubeBuffer.h">
      <Filter>Buffer</Filter>
    </ClInclude>
  </ItemGroup>
  <ItemGroup>
    <ClCompile Include="dllmain.cpp">
      <Filter>소스 파일</Filter>
    </ClCompile>
    <ClCompile Include="pch.cpp">
      <Filter>소스 파일</Filter>
    </ClCompile>
    <ClCompile Include="Buffer.cpp">
      <Filter>Buffer</Filter>
    </ClCompile>
    <ClCompile Include="ResourceExportFunc.cpp">
      <Filter>Export</Filter>
    </ClCompile>
    <ClCompile Include="BufferMgr.cpp">
      <Filter>Buffer</Filter>
    </ClCompile>
    <ClCompile Include="Mesh.cpp">
      <Filter>Mesh</Filter>
    </ClCompile>
    <ClCompile Include="StaticMesh.cpp">
      <Filter>Mesh\Static</Filter>
    </ClCompile>
    <ClCompile Include="MeshMgr.cpp">
      <Filter>소스 파일</Filter>
    </ClCompile>
    <ClCompile Include="TextureUtil.cpp">
      <Filter>Texture</Filter>
    </ClCompile>
    <ClCompile Include="StringUtil.cpp">
      <Filter>Util</Filter>
    </ClCompile>
    <ClCompile Include="Model.cpp">
      <Filter>Model</Filter>
    </ClCompile>
    <ClCompile Include="GridBuffer.cpp">
      <Filter>소스 파일</Filter>
    </ClCompile>
    <ClCompile Include="ColorCubeBuffer.cpp">
      <Filter>Buffer</Filter>
    </ClCompile>
    <ClCompile Include="TextureCubeBuffer.cpp">
      <Filter>Buffer</Filter>
    </ClCompile>
  </ItemGroup>
</Project>