<?xml version="1.0" encoding="utf-8"?>
<Project ToolsVersion="4.0" xmlns="http://schemas.microsoft.com/developer/msbuild/2003">
  <ItemGroup>
    <Filter Include="소스 파일">
      <UniqueIdentifier>{4FC737F1-C7A5-4376-A066-2A32D752A2FF}</UniqueIdentifier>
      <Extensions>cpp;c;cc;cxx;def;odl;idl;hpj;bat;asm;asmx</Extensions>
    </Filter>
    <Filter Include="헤더 파일">
      <UniqueIdentifier>{93995380-89BD-4b04-88EB-625FBE52EBFB}</UniqueIdentifier>
      <Extensions>h;hh;hpp;hxx;hm;inl;inc;ipp;xsd</Extensions>
    </Filter>
    <Filter Include="리소스 파일">
      <UniqueIdentifier>{67DA6AB6-F800-4c08-8B7A-83BB121AAD01}</UniqueIdentifier>
      <Extensions>rc;ico;cur;bmp;dlg;rc2;rct;bin;rgs;gif;jpg;jpeg;jpe;resx;tiff;tif;png;wav;mfcribbon-ms</Extensions>
    </Filter>
    <Filter Include="D3D">
      <UniqueIdentifier>{bf482148-6498-444d-b476-e63c921754ee}</UniqueIdentifier>
    </Filter>
    <Filter Include="Camera">
      <UniqueIdentifier>{ab760897-a02e-4d81-be35-44cb76678661}</UniqueIdentifier>
    </Filter>
    <Filter Include="Export">
      <UniqueIdentifier>{615627b9-4383-4eac-8bee-b40d433784f6}</UniqueIdentifier>
    </Filter>
    <Filter Include="Shader">
      <UniqueIdentifier>{a4c21223-e5a1-4202-82ec-50af402f7b6f}</UniqueIdentifier>
    </Filter>
    <Filter Include="Util">
      <UniqueIdentifier>{3adb5f12-f661-4022-b04f-3edd77c0c546}</UniqueIdentifier>
    </Filter>
    <Filter Include="Light">
      <UniqueIdentifier>{1aa418ea-7dd2-48ce-82c3-a552d0648c1e}</UniqueIdentifier>
    </Filter>
    <Filter Include="Input">
      <UniqueIdentifier>{4b5191b6-4b18-4966-9381-1c20f16396bc}</UniqueIdentifier>
    </Filter>
  </ItemGroup>
  <ItemGroup>
    <ClInclude Include="framework.h">
      <Filter>헤더 파일</Filter>
    </ClInclude>
    <ClInclude Include="pch.h">
      <Filter>헤더 파일</Filter>
    </ClInclude>
    <ClInclude Include="SystemDef.h">
      <Filter>헤더 파일</Filter>
    </ClInclude>
    <ClInclude Include="SystemMacro.h">
      <Filter>헤더 파일</Filter>
    </ClInclude>
    <ClInclude Include="SystemExportFunc.h">
      <Filter>Export</Filter>
    </ClInclude>
    <ClInclude Include="D3DApp.h">
      <Filter>D3D</Filter>
    </ClInclude>
    <ClInclude Include="Shader.h">
      <Filter>Shader</Filter>
    </ClInclude>
    <ClInclude Include="SystemStruct.h">
      <Filter>헤더 파일</Filter>
    </ClInclude>
    <ClInclude Include="Light.h">
      <Filter>Light</Filter>
    </ClInclude>
    <ClInclude Include="SystemConst.h">
      <Filter>헤더 파일</Filter>
    </ClInclude>
    <ClInclude Include="ModelShader.h">
      <Filter>Shader</Filter>
    </ClInclude>
    <ClInclude Include="CubeShader.h">
      <Filter>Shader</Filter>
    </ClInclude>
    <ClInclude Include="ShaderMgr.h">
      <Filter>Shader</Filter>
    </ClInclude>
    <ClInclude Include="Input.h">
      <Filter>Input</Filter>
    </ClInclude>
    <ClInclude Include="Camera.h">
      <Filter>Camera</Filter>
    </ClInclude>
  </ItemGroup>
  <ItemGroup>
    <ClCompile Include="dllmain.cpp">
      <Filter>소스 파일</Filter>
    </ClCompile>
    <ClCompile Include="pch.cpp">
      <Filter>소스 파일</Filter>
    </ClCompile>
    <ClCompile Include="SystemExportFunc.cpp">
      <Filter>Export</Filter>
    </ClCompile>
    <ClCompile Include="D3DApp.cpp">
      <Filter>D3D</Filter>
    </ClCompile>
    <ClCompile Include="Shader.cpp">
      <Filter>Shader</Filter>
    </ClCompile>
    <ClCompile Include="Light.cpp">
      <Filter>Light</Filter>
    </ClCompile>
    <ClCompile Include="ModelShader.cpp">
      <Filter>Shader</Filter>
    </ClCompile>
    <ClCompile Include="CubeShader.cpp">
      <Filter>Shader</Filter>
    </ClCompile>
    <ClCompile Include="ShaderMgr.cpp">
      <Filter>Shader</Filter>
    </ClCompile>
    <ClCompile Include="Input.cpp">
      <Filter>Input</Filter>
    </ClCompile>
    <ClCompile Include="Camera.cpp">
      <Filter>Camera</Filter>
    </ClCompile>
  </ItemGroup>
</Project>